
Microsoft Visual Studio Solution File, Format Version 12.00
# Visual Studio Version 17
VisualStudioVersion = 17.13.35806.99 d17.13
MinimumVisualStudioVersion = 10.0.40219.1
Project("{FAE04EC0-301F-11D3-BF4B-00C04F79EFBC}") = "ProgTeknoForum", "ProgTeknoForum.csproj", "{9B14505D-A288-48C6-9387-9ECBB48D7619}"
EndProject
Global
	GlobalSection(SolutionConfigurationPlatforms) = preSolution
		Debug|Any CPU = Debug|Any CPU
		Release|Any CPU = Release|Any CPU
	EndGlobalSection
	GlobalSection(ProjectConfigurationPlatforms) = postSolution
		{9B14505D-A288-48C6-9387-9ECBB48D7619}.Debug|Any CPU.ActiveCfg = Debug|Any CPU
		{9B14505D-A288-48C6-9387-9ECBB48D7619}.Debug|Any CPU.Build.0 = Debug|Any CPU
		{9B14505D-A288-48C6-9387-9ECBB48D7619}.Release|Any CPU.ActiveCfg = Release|Any CPU
		{9B14505D-A288-48C6-9387-9ECBB48D7619}.Release|Any CPU.Build.0 = Release|Any CPU
	EndGlobalSection
	GlobalSection(SolutionProperties) = preSolution
		HideSolutionNode = FALSE
	EndGlobalSection
	GlobalSection(ExtensibilityGlobals) = postSolution
		SolutionGuid = {04110961-576E-4BD7-930B-8389ACE20211}
	EndGlobalSection
EndGlobal
