
Microsoft Visual Studio Solution File, Format Version 12.00
# Visual Studio Version 17
VisualStudioVersion = 17.13.35806.99
MinimumVisualStudioVersion = 10.0.40219.1
Project("{FAE04EC0-301F-11D3-BF4B-00C04F79EFBC}") = "ProgramlamaveTeknolojiForum", "ProgramlamaveTeknolojiForum.csproj", "{F27278CB-EB68-42C5-A488-097D0566C66D}"
EndProject
Project("{FAE04EC0-301F-11D3-BF4B-00C04F79EFBC}") = "kutuphane", "..\kutuphane\kutuphane.csproj", "{B1054404-D94D-40F0-979D-206705332448}"
EndProject
Global
	GlobalSection(SolutionConfigurationPlatforms) = preSolution
		Debug|Any CPU = Debug|Any CPU
		Release|Any CPU = Release|Any CPU
	EndGlobalSection
	GlobalSection(ProjectConfigurationPlatforms) = postSolution
		{F27278CB-EB68-42C5-A488-097D0566C66D}.Debug|Any CPU.ActiveCfg = Debug|Any CPU
		{F27278CB-EB68-42C5-A488-097D0566C66D}.Debug|Any CPU.Build.0 = Debug|Any CPU
		{F27278CB-EB68-42C5-A488-097D0566C66D}.Release|Any CPU.ActiveCfg = Release|Any CPU
		{F27278CB-EB68-42C5-A488-097D0566C66D}.Release|Any CPU.Build.0 = Release|Any CPU
		{B1054404-D94D-40F0-979D-206705332448}.Debug|Any CPU.ActiveCfg = Debug|Any CPU
		{B1054404-D94D-40F0-979D-206705332448}.Debug|Any CPU.Build.0 = Debug|Any CPU
		{B1054404-D94D-40F0-979D-206705332448}.Release|Any CPU.ActiveCfg = Release|Any CPU
		{B1054404-D94D-40F0-979D-206705332448}.Release|Any CPU.Build.0 = Release|Any CPU
	EndGlobalSection
	GlobalSection(SolutionProperties) = preSolution
		HideSolutionNode = FALSE
	EndGlobalSection
	GlobalSection(ExtensibilityGlobals) = postSolution
		SolutionGuid = {43F6BCC3-E155-47BA-9EC2-9F2FD0CF0149}
	EndGlobalSection
EndGlobal
